
Microsoft Visual Studio Solution File, Format Version 12.00
# Visual Studio 15
VisualStudioVersion = 15.0.28307.1259
MinimumVisualStudioVersion = 10.0.40219.1
Project("{FAE04EC0-301F-11D3-BF4B-00C04F79EFBC}") = "MongoDotNet", "MongoDotNet\MongoDotNet.csproj", "{5A87D9A5-9F89-4852-A4B5-F7D1FE4C6032}"
EndProject
Global
	GlobalSection(SolutionConfigurationPlatforms) = preSolution
		Debug|Any CPU = Debug|Any CPU
		Release|Any CPU = Release|Any CPU
	EndGlobalSection
	GlobalSection(ProjectConfigurationPlatforms) = postSolution
		{5A87D9A5-9F89-4852-A4B5-F7D1FE4C6032}.Debug|Any CPU.ActiveCfg = Debug|Any CPU
		{5A87D9A5-9F89-4852-A4B5-F7D1FE4C6032}.Debug|Any CPU.Build.0 = Debug|Any CPU
		{5A87D9A5-9F89-4852-A4B5-F7D1FE4C6032}.Release|Any CPU.ActiveCfg = Release|Any CPU
		{5A87D9A5-9F89-4852-A4B5-F7D1FE4C6032}.Release|Any CPU.Build.0 = Release|Any CPU
	EndGlobalSection
	GlobalSection(SolutionProperties) = preSolution
		HideSolutionNode = FALSE
	EndGlobalSection
	GlobalSection(ExtensibilityGlobals) = postSolution
		SolutionGuid = {C7852F78-7889-48CD-85E4-A39444C3A144}
	EndGlobalSection
EndGlobal
